
Microsoft Visual Studio Solution File, Format Version 12.00
# Visual Studio 14
VisualStudioVersion = 14.0.25420.1
MinimumVisualStudioVersion = 10.0.40219.1
Project("{FAE04EC0-301F-11D3-BF4B-00C04F79EFBC}") = "AdsWithLogin.Web", "AdsWithLogin.Web\AdsWithLogin.Web.csproj", "{3E7BC74B-20B8-4550-9D24-6EAC298AB49D}"
EndProject
Project("{FAE04EC0-301F-11D3-BF4B-00C04F79EFBC}") = "AdsWithLogin.Data", "AdsWithLogin.Data\AdsWithLogin.Data.csproj", "{7909E823-3471-4FDC-9261-B5D55E68B35D}"
EndProject
Global
	GlobalSection(SolutionConfigurationPlatforms) = preSolution
		Debug|Any CPU = Debug|Any CPU
		Release|Any CPU = Release|Any CPU
	EndGlobalSection
	GlobalSection(ProjectConfigurationPlatforms) = postSolution
		{3E7BC74B-20B8-4550-9D24-6EAC298AB49D}.Debug|Any CPU.ActiveCfg = Debug|Any CPU
		{3E7BC74B-20B8-4550-9D24-6EAC298AB49D}.Debug|Any CPU.Build.0 = Debug|Any CPU
		{3E7BC74B-20B8-4550-9D24-6EAC298AB49D}.Release|Any CPU.ActiveCfg = Release|Any CPU
		{3E7BC74B-20B8-4550-9D24-6EAC298AB49D}.Release|Any CPU.Build.0 = Release|Any CPU
		{7909E823-3471-4FDC-9261-B5D55E68B35D}.Debug|Any CPU.ActiveCfg = Debug|Any CPU
		{7909E823-3471-4FDC-9261-B5D55E68B35D}.Debug|Any CPU.Build.0 = Debug|Any CPU
		{7909E823-3471-4FDC-9261-B5D55E68B35D}.Release|Any CPU.ActiveCfg = Release|Any CPU
		{7909E823-3471-4FDC-9261-B5D55E68B35D}.Release|Any CPU.Build.0 = Release|Any CPU
	EndGlobalSection
	GlobalSection(SolutionProperties) = preSolution
		HideSolutionNode = FALSE
	EndGlobalSection
EndGlobal
